
Microsoft Visual Studio Solution File, Format Version 12.00
# Visual Studio Version 17
VisualStudioVersion = 17.6.33829.357
MinimumVisualStudioVersion = 10.0.40219.1
Project("{FAE04EC0-301F-11D3-BF4B-00C04F79EFBC}") = "NombresRomain.console", "TDDExam\NombresRomain.console.csproj", "{14B95673-F6D4-4830-B8D9-9E6FC24015A5}"
EndProject
Project("{FAE04EC0-301F-11D3-BF4B-00C04F79EFBC}") = "NombresRomain.TEST", "NombresRomain.TEST\NombresRomain.TEST.csproj", "{7B355A7B-A128-48DE-A382-D8A5583792E2}"
EndProject
Project("{FAE04EC0-301F-11D3-BF4B-00C04F79EFBC}") = "NombresRomain", "NombresRomain\NombresRomain.csproj", "{D46BEE5A-1EA9-4495-A971-6E54785D61EB}"
EndProject
Global
	GlobalSection(SolutionConfigurationPlatforms) = preSolution
		Debug|Any CPU = Debug|Any CPU
		Release|Any CPU = Release|Any CPU
	EndGlobalSection
	GlobalSection(ProjectConfigurationPlatforms) = postSolution
		{14B95673-F6D4-4830-B8D9-9E6FC24015A5}.Debug|Any CPU.ActiveCfg = Debug|Any CPU
		{14B95673-F6D4-4830-B8D9-9E6FC24015A5}.Debug|Any CPU.Build.0 = Debug|Any CPU
		{14B95673-F6D4-4830-B8D9-9E6FC24015A5}.Release|Any CPU.ActiveCfg = Release|Any CPU
		{14B95673-F6D4-4830-B8D9-9E6FC24015A5}.Release|Any CPU.Build.0 = Release|Any CPU
		{7B355A7B-A128-48DE-A382-D8A5583792E2}.Debug|Any CPU.ActiveCfg = Debug|Any CPU
		{7B355A7B-A128-48DE-A382-D8A5583792E2}.Debug|Any CPU.Build.0 = Debug|Any CPU
		{7B355A7B-A128-48DE-A382-D8A5583792E2}.Release|Any CPU.ActiveCfg = Release|Any CPU
		{7B355A7B-A128-48DE-A382-D8A5583792E2}.Release|Any CPU.Build.0 = Release|Any CPU
		{D46BEE5A-1EA9-4495-A971-6E54785D61EB}.Debug|Any CPU.ActiveCfg = Debug|Any CPU
		{D46BEE5A-1EA9-4495-A971-6E54785D61EB}.Debug|Any CPU.Build.0 = Debug|Any CPU
		{D46BEE5A-1EA9-4495-A971-6E54785D61EB}.Release|Any CPU.ActiveCfg = Release|Any CPU
		{D46BEE5A-1EA9-4495-A971-6E54785D61EB}.Release|Any CPU.Build.0 = Release|Any CPU
	EndGlobalSection
	GlobalSection(SolutionProperties) = preSolution
		HideSolutionNode = FALSE
	EndGlobalSection
	GlobalSection(ExtensibilityGlobals) = postSolution
		SolutionGuid = {059F04B1-A63E-4FCE-B42E-A606579211FB}
	EndGlobalSection
EndGlobal
